
Microsoft Visual Studio Solution File, Format Version 12.00
# Visual Studio 15
VisualStudioVersion = 15.0.28307.489
MinimumVisualStudioVersion = 10.0.40219.1
Project("{FAE04EC0-301F-11D3-BF4B-00C04F79EFBC}") = "Battleship", "Battleship\Battleship.csproj", "{D9D06B6D-2D13-437D-9F77-857C142EDF74}"
EndProject
Global
	GlobalSection(SolutionConfigurationPlatforms) = preSolution
		Debug|Any CPU = Debug|Any CPU
		Release|Any CPU = Release|Any CPU
	EndGlobalSection
	GlobalSection(ProjectConfigurationPlatforms) = postSolution
		{D9D06B6D-2D13-437D-9F77-857C142EDF74}.Debug|Any CPU.ActiveCfg = Debug|Any CPU
		{D9D06B6D-2D13-437D-9F77-857C142EDF74}.Debug|Any CPU.Build.0 = Debug|Any CPU
		{D9D06B6D-2D13-437D-9F77-857C142EDF74}.Release|Any CPU.ActiveCfg = Release|Any CPU
		{D9D06B6D-2D13-437D-9F77-857C142EDF74}.Release|Any CPU.Build.0 = Release|Any CPU
	EndGlobalSection
	GlobalSection(SolutionProperties) = preSolution
		HideSolutionNode = FALSE
	EndGlobalSection
	GlobalSection(ExtensibilityGlobals) = postSolution
		SolutionGuid = {70597243-A18F-4231-A98E-DB4AE5B038DC}
	EndGlobalSection
EndGlobal
